
Microsoft Visual Studio Solution File, Format Version 12.00
# Visual Studio Version 17
VisualStudioVersion = 17.4.33403.182
MinimumVisualStudioVersion = 10.0.40219.1
Project("{FAE04EC0-301F-11D3-BF4B-00C04F79EFBC}") = "GitOutIT3045C", "GitOutIT3045C\GitOutIT3045C.csproj", "{1F6C1445-431E-4DC3-B081-556A07F824FD}"
EndProject
Global
	GlobalSection(SolutionConfigurationPlatforms) = preSolution
		Debug|Any CPU = Debug|Any CPU
		Release|Any CPU = Release|Any CPU
	EndGlobalSection
	GlobalSection(ProjectConfigurationPlatforms) = postSolution
		{1F6C1445-431E-4DC3-B081-556A07F824FD}.Debug|Any CPU.ActiveCfg = Debug|Any CPU
		{1F6C1445-431E-4DC3-B081-556A07F824FD}.Debug|Any CPU.Build.0 = Debug|Any CPU
		{1F6C1445-431E-4DC3-B081-556A07F824FD}.Release|Any CPU.ActiveCfg = Release|Any CPU
		{1F6C1445-431E-4DC3-B081-556A07F824FD}.Release|Any CPU.Build.0 = Release|Any CPU
	EndGlobalSection
	GlobalSection(SolutionProperties) = preSolution
		HideSolutionNode = FALSE
	EndGlobalSection
	GlobalSection(ExtensibilityGlobals) = postSolution
		SolutionGuid = {E4B0798D-EF14-4FB9-BADC-BE0C998679A8}
	EndGlobalSection
EndGlobal
